// !$*UTF8*$!
{
	archiveVersion = 1;
	classes = {
	};
	objectVersion = 55;
	objects = {

/* Begin PBXBuildFile section */
		4A4D068227565D3F00F1D6FF /* SearchRepositoriesUrl.swift in Sources */ = {isa = PBXBuildFile; fileRef = 4A4D068127565D3F00F1D6FF /* SearchRepositoriesUrl.swift */; };
		4A4D068827568B6400F1D6FF /* FetchSearchRepositories.swift in Sources */ = {isa = PBXBuildFile; fileRef = 4A4D068727568B6400F1D6FF /* FetchSearchRepositories.swift */; };
		4A4D068A27568BD100F1D6FF /* Datas.swift in Sources */ = {isa = PBXBuildFile; fileRef = 4A4D068927568BD100F1D6FF /* Datas.swift */; };
		4A647631276A20D000EE7FEB /* Singleton.swift in Sources */ = {isa = PBXBuildFile; fileRef = 4A647630276A20D000EE7FEB /* Singleton.swift */; };
		4ADA90B327554E550069885A /* AppDelegate.swift in Sources */ = {isa = PBXBuildFile; fileRef = 4ADA90B227554E550069885A /* AppDelegate.swift */; };
		4ADA90B527554E550069885A /* SceneDelegate.swift in Sources */ = {isa = PBXBuildFile; fileRef = 4ADA90B427554E550069885A /* SceneDelegate.swift */; };
		4ADA90B727554E550069885A /* SearchRepositories.swift in Sources */ = {isa = PBXBuildFile; fileRef = 4ADA90B627554E550069885A /* SearchRepositories.swift */; };
		4ADA90BA27554E550069885A /* Main.storyboard in Resources */ = {isa = PBXBuildFile; fileRef = 4ADA90B827554E550069885A /* Main.storyboard */; };
		4ADA90BC27554E560069885A /* Assets.xcassets in Resources */ = {isa = PBXBuildFile; fileRef = 4ADA90BB27554E560069885A /* Assets.xcassets */; };
		4ADA90BF27554E560069885A /* LaunchScreen.storyboard in Resources */ = {isa = PBXBuildFile; fileRef = 4ADA90BD27554E560069885A /* LaunchScreen.storyboard */; };
		4ADA90CE275552B20069885A /* RepositoryDetail.swift in Sources */ = {isa = PBXBuildFile; fileRef = 4ADA90CD275552B20069885A /* RepositoryDetail.swift */; };
		4ADA90D0275552C10069885A /* UserDetail.swift in Sources */ = {isa = PBXBuildFile; fileRef = 4ADA90CF275552C10069885A /* UserDetail.swift */; };
		4ADA90D727555E2E0069885A /* FoundRepositoriesCell.swift in Sources */ = {isa = PBXBuildFile; fileRef = 4ADA90D527555E2E0069885A /* FoundRepositoriesCell.swift */; };
		4ADA90D827555E2E0069885A /* FoundRepositoriesCell.xib in Resources */ = {isa = PBXBuildFile; fileRef = 4ADA90D627555E2E0069885A /* FoundRepositoriesCell.xib */; };
		4ADA90DD27555E670069885A /* UserInfoCell.swift in Sources */ = {isa = PBXBuildFile; fileRef = 4ADA90DB27555E670069885A /* UserInfoCell.swift */; };
		4ADA90DE27555E670069885A /* UserInfoCell.xib in Resources */ = {isa = PBXBuildFile; fileRef = 4ADA90DC27555E670069885A /* UserInfoCell.xib */; };
		4ADA90E327555EBF0069885A /* RepositoriesOfUserCell.swift in Sources */ = {isa = PBXBuildFile; fileRef = 4ADA90E127555EBF0069885A /* RepositoriesOfUserCell.swift */; };
		4ADA90E427555EBF0069885A /* RepositoriesOfUserCell.xib in Resources */ = {isa = PBXBuildFile; fileRef = 4ADA90E227555EBF0069885A /* RepositoriesOfUserCell.xib */; };
		FC5871065DECC0D6A2D9B60F /* Pods_GithubSearchApp.framework in Frameworks */ = {isa = PBXBuildFile; fileRef = 38C767DE6A26751281BC1362 /* Pods_GithubSearchApp.framework */; };
/* End PBXBuildFile section */

/* Begin PBXFileReference section */
		33C2B9DC52F71A27DD41350C /* Pods-GithubSearchApp.debug.xcconfig */ = {isa = PBXFileReference; includeInIndex = 1; lastKnownFileType = text.xcconfig; name = "Pods-GithubSearchApp.debug.xcconfig"; path = "Target Support Files/Pods-GithubSearchApp/Pods-GithubSearchApp.debug.xcconfig"; sourceTree = "<group>"; };
		38C767DE6A26751281BC1362 /* Pods_GithubSearchApp.framework */ = {isa = PBXFileReference; explicitFileType = wrapper.framework; includeInIndex = 0; path = Pods_GithubSearchApp.framework; sourceTree = BUILT_PRODUCTS_DIR; };
		4A4D068127565D3F00F1D6FF /* SearchRepositoriesUrl.swift */ = {isa = PBXFileReference; lastKnownFileType = sourcecode.swift; path = SearchRepositoriesUrl.swift; sourceTree = "<group>"; };
		4A4D068727568B6400F1D6FF /* FetchSearchRepositories.swift */ = {isa = PBXFileReference; lastKnownFileType = sourcecode.swift; path = FetchSearchRepositories.swift; sourceTree = "<group>"; };
		4A4D068927568BD100F1D6FF /* Datas.swift */ = {isa = PBXFileReference; lastKnownFileType = sourcecode.swift; path = Datas.swift; sourceTree = "<group>"; };
		4A647630276A20D000EE7FEB /* Singleton.swift */ = {isa = PBXFileReference; lastKnownFileType = sourcecode.swift; path = Singleton.swift; sourceTree = "<group>"; };
		4ADA90AF27554E550069885A /* GithubSearchApp.app */ = {isa = PBXFileReference; explicitFileType = wrapper.application; includeInIndex = 0; path = GithubSearchApp.app; sourceTree = BUILT_PRODUCTS_DIR; };
		4ADA90B227554E550069885A /* AppDelegate.swift */ = {isa = PBXFileReference; lastKnownFileType = sourcecode.swift; path = AppDelegate.swift; sourceTree = "<group>"; };
		4ADA90B427554E550069885A /* SceneDelegate.swift */ = {isa = PBXFileReference; lastKnownFileType = sourcecode.swift; path = SceneDelegate.swift; sourceTree = "<group>"; };
		4ADA90B627554E550069885A /* SearchRepositories.swift */ = {isa = PBXFileReference; lastKnownFileType = sourcecode.swift; path = SearchRepositories.swift; sourceTree = "<group>"; };
		4ADA90B927554E550069885A /* Base */ = {isa = PBXFileReference; lastKnownFileType = file.storyboard; name = Base; path = Base.lproj/Main.storyboard; sourceTree = "<group>"; };
		4ADA90BB27554E560069885A /* Assets.xcassets */ = {isa = PBXFileReference; lastKnownFileType = folder.assetcatalog; path = Assets.xcassets; sourceTree = "<group>"; };
		4ADA90BE27554E560069885A /* Base */ = {isa = PBXFileReference; lastKnownFileType = file.storyboard; name = Base; path = Base.lproj/LaunchScreen.storyboard; sourceTree = "<group>"; };
		4ADA90C027554E560069885A /* Info.plist */ = {isa = PBXFileReference; lastKnownFileType = text.plist.xml; path = Info.plist; sourceTree = "<group>"; };
		4ADA90CD275552B20069885A /* RepositoryDetail.swift */ = {isa = PBXFileReference; lastKnownFileType = sourcecode.swift; path = RepositoryDetail.swift; sourceTree = "<group>"; };
		4ADA90CF275552C10069885A /* UserDetail.swift */ = {isa = PBXFileReference; lastKnownFileType = sourcecode.swift; path = UserDetail.swift; sourceTree = "<group>"; };
		4ADA90D527555E2E0069885A /* FoundRepositoriesCell.swift */ = {isa = PBXFileReference; lastKnownFileType = sourcecode.swift; path = FoundRepositoriesCell.swift; sourceTree = "<group>"; };
		4ADA90D627555E2E0069885A /* FoundRepositoriesCell.xib */ = {isa = PBXFileReference; lastKnownFileType = file.xib; path = FoundRepositoriesCell.xib; sourceTree = "<group>"; };
		4ADA90DB27555E670069885A /* UserInfoCell.swift */ = {isa = PBXFileReference; lastKnownFileType = sourcecode.swift; path = UserInfoCell.swift; sourceTree = "<group>"; };
		4ADA90DC27555E670069885A /* UserInfoCell.xib */ = {isa = PBXFileReference; lastKnownFileType = file.xib; path = UserInfoCell.xib; sourceTree = "<group>"; };
		4ADA90E127555EBF0069885A /* RepositoriesOfUserCell.swift */ = {isa = PBXFileReference; lastKnownFileType = sourcecode.swift; path = RepositoriesOfUserCell.swift; sourceTree = "<group>"; };
		4ADA90E227555EBF0069885A /* RepositoriesOfUserCell.xib */ = {isa = PBXFileReference; lastKnownFileType = file.xib; path = RepositoriesOfUserCell.xib; sourceTree = "<group>"; };
		A09A95BEEA0F1ACB10ABCF3E /* Pods-GithubSearchApp.release.xcconfig */ = {isa = PBXFileReference; includeInIndex = 1; lastKnownFileType = text.xcconfig; name = "Pods-GithubSearchApp.release.xcconfig"; path = "Target Support Files/Pods-GithubSearchApp/Pods-GithubSearchApp.release.xcconfig"; sourceTree = "<group>"; };
/* End PBXFileReference section */

/* Begin PBXFrameworksBuildPhase section */
		4ADA90AC27554E550069885A /* Frameworks */ = {
			isa = PBXFrameworksBuildPhase;
			buildActionMask = 2147483647;
			files = (
				FC5871065DECC0D6A2D9B60F /* Pods_GithubSearchApp.framework in Frameworks */,
			);
			runOnlyForDeploymentPostprocessing = 0;
		};
/* End PBXFrameworksBuildPhase section */

/* Begin PBXGroup section */
		0DDC689DAED3AEA8C5DEF287 /* Frameworks */ = {
			isa = PBXGroup;
			children = (
				38C767DE6A26751281BC1362 /* Pods_GithubSearchApp.framework */,
			);
			name = Frameworks;
			sourceTree = "<group>";
		};
		306CE87926D34499D58DFF5E /* Pods */ = {
			isa = PBXGroup;
			children = (
				33C2B9DC52F71A27DD41350C /* Pods-GithubSearchApp.debug.xcconfig */,
				A09A95BEEA0F1ACB10ABCF3E /* Pods-GithubSearchApp.release.xcconfig */,
			);
			path = Pods;
			sourceTree = "<group>";
		};
		4ADA90A627554E550069885A = {
			isa = PBXGroup;
			children = (
				4ADA90B127554E550069885A /* GithubSearchApp */,
				4ADA90B027554E550069885A /* Products */,
				306CE87926D34499D58DFF5E /* Pods */,
				0DDC689DAED3AEA8C5DEF287 /* Frameworks */,
			);
			sourceTree = "<group>";
		};
		4ADA90B027554E550069885A /* Products */ = {
			isa = PBXGroup;
			children = (
				4ADA90AF27554E550069885A /* GithubSearchApp.app */,
			);
			name = Products;
			sourceTree = "<group>";
		};
		4ADA90B127554E550069885A /* GithubSearchApp */ = {
			isa = PBXGroup;
			children = (
				4ADA90C727554E720069885A /* Model */,
				4ADA90C627554E650069885A /* Delegates */,
				4ADA90C827554EAD0069885A /* View */,
				4ADA90C927554EBF0069885A /* Controller */,
				4ADA90B827554E550069885A /* Main.storyboard */,
				4ADA90BB27554E560069885A /* Assets.xcassets */,
				4ADA90BD27554E560069885A /* LaunchScreen.storyboard */,
				4ADA90C027554E560069885A /* Info.plist */,
			);
			path = GithubSearchApp;
			sourceTree = "<group>";
		};
		4ADA90C627554E650069885A /* Delegates */ = {
			isa = PBXGroup;
			children = (
				4ADA90B227554E550069885A /* AppDelegate.swift */,
				4ADA90B427554E550069885A /* SceneDelegate.swift */,
			);
			path = Delegates;
			sourceTree = "<group>";
		};
		4ADA90C727554E720069885A /* Model */ = {
			isa = PBXGroup;
			children = (
				4ADA90CC27554F460069885A /* DataClass */,
				4ADA90CB27554F110069885A /* FetchingDatas */,
				4ADA90CA27554F080069885A /* UrlClass */,
			);
			path = Model;
			sourceTree = "<group>";
		};
		4ADA90C827554EAD0069885A /* View */ = {
			isa = PBXGroup;
			children = (
				4ADA90D227555D970069885A /* UserDetailsCells */,
				4ADA90D127555D660069885A /* SearchRepositoriesCell */,
			);
			path = View;
			sourceTree = "<group>";
		};
		4ADA90C927554EBF0069885A /* Controller */ = {
			isa = PBXGroup;
			children = (
				4ADA90CF275552C10069885A /* UserDetail.swift */,
				4ADA90CD275552B20069885A /* RepositoryDetail.swift */,
				4ADA90B627554E550069885A /* SearchRepositories.swift */,
			);
			path = Controller;
			sourceTree = "<group>";
		};
		4ADA90CA27554F080069885A /* UrlClass */ = {
			isa = PBXGroup;
			children = (
				4A4D068127565D3F00F1D6FF /* SearchRepositoriesUrl.swift */,
			);
			path = UrlClass;
			sourceTree = "<group>";
		};
		4ADA90CB27554F110069885A /* FetchingDatas */ = {
			isa = PBXGroup;
			children = (
				4A4D068727568B6400F1D6FF /* FetchSearchRepositories.swift */,
			);
			path = FetchingDatas;
			sourceTree = "<group>";
		};
		4ADA90CC27554F460069885A /* DataClass */ = {
			isa = PBXGroup;
			children = (
				4A4D068927568BD100F1D6FF /* Datas.swift */,
				4A647630276A20D000EE7FEB /* Singleton.swift */,
			);
			path = DataClass;
			sourceTree = "<group>";
		};
		4ADA90D127555D660069885A /* SearchRepositoriesCell */ = {
			isa = PBXGroup;
			children = (
				4ADA90D527555E2E0069885A /* FoundRepositoriesCell.swift */,
				4ADA90D627555E2E0069885A /* FoundRepositoriesCell.xib */,
			);
			path = SearchRepositoriesCell;
			sourceTree = "<group>";
		};
		4ADA90D227555D970069885A /* UserDetailsCells */ = {
			isa = PBXGroup;
			children = (
				4ADA90D427555DCA0069885A /* Repositories */,
				4ADA90D327555DBE0069885A /* UserData */,
			);
			path = UserDetailsCells;
			sourceTree = "<group>";
		};
		4ADA90D327555DBE0069885A /* UserData */ = {
			isa = PBXGroup;
			children = (
				4ADA90DB27555E670069885A /* UserInfoCell.swift */,
				4ADA90DC27555E670069885A /* UserInfoCell.xib */,
			);
			path = UserData;
			sourceTree = "<group>";
		};
		4ADA90D427555DCA0069885A /* Repositories */ = {
			isa = PBXGroup;
			children = (
				4ADA90E127555EBF0069885A /* RepositoriesOfUserCell.swift */,
				4ADA90E227555EBF0069885A /* RepositoriesOfUserCell.xib */,
			);
			path = Repositories;
			sourceTree = "<group>";
		};
/* End PBXGroup section */

/* Begin PBXNativeTarget section */
		4ADA90AE27554E550069885A /* GithubSearchApp */ = {
			isa = PBXNativeTarget;
			buildConfigurationList = 4ADA90C327554E560069885A /* Build configuration list for PBXNativeTarget "GithubSearchApp" */;
			buildPhases = (
				7BEDD8EC622045E95BFA1ECF /* [CP] Check Pods Manifest.lock */,
				4ADA90AB27554E550069885A /* Sources */,
				4ADA90AC27554E550069885A /* Frameworks */,
				4ADA90AD27554E550069885A /* Resources */,
				67B1048D53AE96226B1BF7F3 /* [CP] Embed Pods Frameworks */,
			);
			buildRules = (
			);
			dependencies = (
			);
			name = GithubSearchApp;
			productName = GithubSearchApp;
			productReference = 4ADA90AF27554E550069885A /* GithubSearchApp.app */;
			productType = "com.apple.product-type.application";
		};
/* End PBXNativeTarget section */

/* Begin PBXProject section */
		4ADA90A727554E550069885A /* Project object */ = {
			isa = PBXProject;
			attributes = {
				BuildIndependentTargetsInParallel = 1;
				LastSwiftUpdateCheck = 1300;
				LastUpgradeCheck = 1300;
				TargetAttributes = {
					4ADA90AE27554E550069885A = {
						CreatedOnToolsVersion = 13.0;
					};
				};
			};
			buildConfigurationList = 4ADA90AA27554E550069885A /* Build configuration list for PBXProject "GithubSearchApp" */;
			compatibilityVersion = "Xcode 13.0";
			developmentRegion = en;
			hasScannedForEncodings = 0;
			knownRegions = (
				en,
				Base,
			);
			mainGroup = 4ADA90A627554E550069885A;
			productRefGroup = 4ADA90B027554E550069885A /* Products */;
			projectDirPath = "";
			projectRoot = "";
			targets = (
				4ADA90AE27554E550069885A /* GithubSearchApp */,
			);
		};
/* End PBXProject section */

/* Begin PBXResourcesBuildPhase section */
		4ADA90AD27554E550069885A /* Resources */ = {
			isa = PBXResourcesBuildPhase;
			buildActionMask = 2147483647;
			files = (
				4ADA90BF27554E560069885A /* LaunchScreen.storyboard in Resources */,
				4ADA90BC27554E560069885A /* Assets.xcassets in Resources */,
				4ADA90D827555E2E0069885A /* FoundRepositoriesCell.xib in Resources */,
				4ADA90E427555EBF0069885A /* RepositoriesOfUserCell.xib in Resources */,
				4ADA90DE27555E670069885A /* UserInfoCell.xib in Resources */,
				4ADA90BA27554E550069885A /* Main.storyboard in Resources */,
			);
			runOnlyForDeploymentPostprocessing = 0;
		};
/* End PBXResourcesBuildPhase section */

/* Begin PBXShellScriptBuildPhase section */
		67B1048D53AE96226B1BF7F3 /* [CP] Embed Pods Frameworks */ = {
			isa = PBXShellScriptBuildPhase;
			buildActionMask = 2147483647;
			files = (
			);
			inputFileListPaths = (
				"${PODS_ROOT}/Target Support Files/Pods-GithubSearchApp/Pods-GithubSearchApp-frameworks-${CONFIGURATION}-input-files.xcfilelist",
			);
			name = "[CP] Embed Pods Frameworks";
			outputFileListPaths = (
				"${PODS_ROOT}/Target Support Files/Pods-GithubSearchApp/Pods-GithubSearchApp-frameworks-${CONFIGURATION}-output-files.xcfilelist",
			);
			runOnlyForDeploymentPostprocessing = 0;
			shellPath = /bin/sh;
			shellScript = "\"${PODS_ROOT}/Target Support Files/Pods-GithubSearchApp/Pods-GithubSearchApp-frameworks.sh\"\n";
			showEnvVarsInLog = 0;
		};
		7BEDD8EC622045E95BFA1ECF /* [CP] Check Pods Manifest.lock */ = {
			isa = PBXShellScriptBuildPhase;
			buildActionMask = 2147483647;
			files = (
			);
			inputFileListPaths = (
			);
			inputPaths = (
				"${PODS_PODFILE_DIR_PATH}/Podfile.lock",
				"${PODS_ROOT}/Manifest.lock",
			);
			name = "[CP] Check Pods Manifest.lock";
			outputFileListPaths = (
			);
			outputPaths = (
				"$(DERIVED_FILE_DIR)/Pods-GithubSearchApp-checkManifestLockResult.txt",
			);
			runOnlyForDeploymentPostprocessing = 0;
			shellPath = /bin/sh;
			shellScript = "diff \"${PODS_PODFILE_DIR_PATH}/Podfile.lock\" \"${PODS_ROOT}/Manifest.lock\" > /dev/null\nif [ $? != 0 ] ; then\n    # print error to STDERR\n    echo \"error: The sandbox is not in sync with the Podfile.lock. Run 'pod install' or update your CocoaPods installation.\" >&2\n    exit 1\nfi\n# This output is used by Xcode 'outputs' to avoid re-running this script phase.\necho \"SUCCESS\" > \"${SCRIPT_OUTPUT_FILE_0}\"\n";
			showEnvVarsInLog = 0;
		};
/* End PBXShellScriptBuildPhase section */

/* Begin PBXSourcesBuildPhase section */
		4ADA90AB27554E550069885A /* Sources */ = {
			isa = PBXSourcesBuildPhase;
			buildActionMask = 2147483647;
			files = (
				4A4D068A27568BD100F1D6FF /* Datas.swift in Sources */,
				4A647631276A20D000EE7FEB /* Singleton.swift in Sources */,
				4ADA90CE275552B20069885A /* RepositoryDetail.swift in Sources */,
				4ADA90DD27555E670069885A /* UserInfoCell.swift in Sources */,
				4ADA90B727554E550069885A /* SearchRepositories.swift in Sources */,
				4A4D068827568B6400F1D6FF /* FetchSearchRepositories.swift in Sources */,
				4ADA90E327555EBF0069885A /* RepositoriesOfUserCell.swift in Sources */,
				4ADA90D727555E2E0069885A /* FoundRepositoriesCell.swift in Sources */,
				4ADA90B327554E550069885A /* AppDelegate.swift in Sources */,
				4ADA90D0275552C10069885A /* UserDetail.swift in Sources */,
				4ADA90B527554E550069885A /* SceneDelegate.swift in Sources */,
				4A4D068227565D3F00F1D6FF /* SearchRepositoriesUrl.swift in Sources */,
			);
			runOnlyForDeploymentPostprocessing = 0;
		};
/* End PBXSourcesBuildPhase section */

/* Begin PBXVariantGroup section */
		4ADA90B827554E550069885A /* Main.storyboard */ = {
			isa = PBXVariantGroup;
			children = (
				4ADA90B927554E550069885A /* Base */,
			);
			name = Main.storyboard;
			sourceTree = "<group>";
		};
		4ADA90BD27554E560069885A /* LaunchScreen.storyboard */ = {
			isa = PBXVariantGroup;
			children = (
				4ADA90BE27554E560069885A /* Base */,
			);
			name = LaunchScreen.storyboard;
			sourceTree = "<group>";
		};
/* End PBXVariantGroup section */

/* Begin XCBuildConfiguration section */
		4ADA90C127554E560069885A /* Debug */ = {
			isa = XCBuildConfiguration;
			buildSettings = {
				ALWAYS_SEARCH_USER_PATHS = NO;
				CLANG_ANALYZER_NONNULL = YES;
				CLANG_ANALYZER_NUMBER_OBJECT_CONVERSION = YES_AGGRESSIVE;
				CLANG_CXX_LANGUAGE_STANDARD = "gnu++17";
				CLANG_CXX_LIBRARY = "libc++";
				CLANG_ENABLE_MODULES = YES;
				CLANG_ENABLE_OBJC_ARC = YES;
				CLANG_ENABLE_OBJC_WEAK = YES;
				CLANG_WARN_BLOCK_CAPTURE_AUTORELEASING = YES;
				CLANG_WARN_BOOL_CONVERSION = YES;
				CLANG_WARN_COMMA = YES;
				CLANG_WARN_CONSTANT_CONVERSION = YES;
				CLANG_WARN_DEPRECATED_OBJC_IMPLEMENTATIONS = YES;
				CLANG_WARN_DIRECT_OBJC_ISA_USAGE = YES_ERROR;
				CLANG_WARN_DOCUMENTATION_COMMENTS = YES;
				CLANG_WARN_EMPTY_BODY = YES;
				CLANG_WARN_ENUM_CONVERSION = YES;
				CLANG_WARN_INFINITE_RECURSION = YES;
				CLANG_WARN_INT_CONVERSION = YES;
				CLANG_WARN_NON_LITERAL_NULL_CONVERSION = YES;
				CLANG_WARN_OBJC_IMPLICIT_RETAIN_SELF = YES;
				CLANG_WARN_OBJC_LITERAL_CONVERSION = YES;
				CLANG_WARN_OBJC_ROOT_CLASS = YES_ERROR;
				CLANG_WARN_QUOTED_INCLUDE_IN_FRAMEWORK_HEADER = YES;
				CLANG_WARN_RANGE_LOOP_ANALYSIS = YES;
				CLANG_WARN_STRICT_PROTOTYPES = YES;
				CLANG_WARN_SUSPICIOUS_MOVE = YES;
				CLANG_WARN_UNGUARDED_AVAILABILITY = YES_AGGRESSIVE;
				CLANG_WARN_UNREACHABLE_CODE = YES;
				CLANG_WARN__DUPLICATE_METHOD_MATCH = YES;
				COPY_PHASE_STRIP = NO;
				DEBUG_INFORMATION_FORMAT = dwarf;
				ENABLE_STRICT_OBJC_MSGSEND = YES;
				ENABLE_TESTABILITY = YES;
				GCC_C_LANGUAGE_STANDARD = gnu11;
				GCC_DYNAMIC_NO_PIC = NO;
				GCC_NO_COMMON_BLOCKS = YES;
				GCC_OPTIMIZATION_LEVEL = 0;
				GCC_PREPROCESSOR_DEFINITIONS = (
					"DEBUG=1",
					"$(inherited)",
				);
				GCC_WARN_64_TO_32_BIT_CONVERSION = YES;
				GCC_WARN_ABOUT_RETURN_TYPE = YES_ERROR;
				GCC_WARN_UNDECLARED_SELECTOR = YES;
				GCC_WARN_UNINITIALIZED_AUTOS = YES_AGGRESSIVE;
				GCC_WARN_UNUSED_FUNCTION = YES;
				GCC_WARN_UNUSED_VARIABLE = YES;
				IPHONEOS_DEPLOYMENT_TARGET = 15.0;
				MTL_ENABLE_DEBUG_INFO = INCLUDE_SOURCE;
				MTL_FAST_MATH = YES;
				ONLY_ACTIVE_ARCH = YES;
				SDKROOT = iphoneos;
				SWIFT_ACTIVE_COMPILATION_CONDITIONS = DEBUG;
				SWIFT_OPTIMIZATION_LEVEL = "-Onone";
			};
			name = Debug;
		};
		4ADA90C227554E560069885A /* Release */ = {
			isa = XCBuildConfiguration;
			buildSettings = {
				ALWAYS_SEARCH_USER_PATHS = NO;
				CLANG_ANALYZER_NONNULL = YES;
				CLANG_ANALYZER_NUMBER_OBJECT_CONVERSION = YES_AGGRESSIVE;
				CLANG_CXX_LANGUAGE_STANDARD = "gnu++17";
				CLANG_CXX_LIBRARY = "libc++";
				CLANG_ENABLE_MODULES = YES;
				CLANG_ENABLE_OBJC_ARC = YES;
				CLANG_ENABLE_OBJC_WEAK = YES;
				CLANG_WARN_BLOCK_CAPTURE_AUTORELEASING = YES;
				CLANG_WARN_BOOL_CONVERSION = YES;
				CLANG_WARN_COMMA = YES;
				CLANG_WARN_CONSTANT_CONVERSION = YES;
				CLANG_WARN_DEPRECATED_OBJC_IMPLEMENTATIONS = YES;
				CLANG_WARN_DIRECT_OBJC_ISA_USAGE = YES_ERROR;
				CLANG_WARN_DOCUMENTATION_COMMENTS = YES;
				CLANG_WARN_EMPTY_BODY = YES;
				CLANG_WARN_ENUM_CONVERSION = YES;
				CLANG_WARN_INFINITE_RECURSION = YES;
				CLANG_WARN_INT_CONVERSION = YES;
				CLANG_WARN_NON_LITERAL_NULL_CONVERSION = YES;
				CLANG_WARN_OBJC_IMPLICIT_RETAIN_SELF = YES;
				CLANG_WARN_OBJC_LITERAL_CONVERSION = YES;
				CLANG_WARN_OBJC_ROOT_CLASS = YES_ERROR;
				CLANG_WARN_QUOTED_INCLUDE_IN_FRAMEWORK_HEADER = YES;
				CLANG_WARN_RANGE_LOOP_ANALYSIS = YES;
				CLANG_WARN_STRICT_PROTOTYPES = YES;
				CLANG_WARN_SUSPICIOUS_MOVE = YES;
				CLANG_WARN_UNGUARDED_AVAILABILITY = YES_AGGRESSIVE;
				CLANG_WARN_UNREACHABLE_CODE = YES;
				CLANG_WARN__DUPLICATE_METHOD_MATCH = YES;
				COPY_PHASE_STRIP = NO;
				DEBUG_INFORMATION_FORMAT = "dwarf-with-dsym";
				ENABLE_NS_ASSERTIONS = NO;
				ENABLE_STRICT_OBJC_MSGSEND = YES;
				GCC_C_LANGUAGE_STANDARD = gnu11;
				GCC_NO_COMMON_BLOCKS = YES;
				GCC_WARN_64_TO_32_BIT_CONVERSION = YES;
				GCC_WARN_ABOUT_RETURN_TYPE = YES_ERROR;
				GCC_WARN_UNDECLARED_SELECTOR = YES;
				GCC_WARN_UNINITIALIZED_AUTOS = YES_AGGRESSIVE;
				GCC_WARN_UNUSED_FUNCTION = YES;
				GCC_WARN_UNUSED_VARIABLE = YES;
				IPHONEOS_DEPLOYMENT_TARGET = 15.0;
				MTL_ENABLE_DEBUG_INFO = NO;
				MTL_FAST_MATH = YES;
				SDKROOT = iphoneos;
				SWIFT_COMPILATION_MODE = wholemodule;
				SWIFT_OPTIMIZATION_LEVEL = "-O";
				VALIDATE_PRODUCT = YES;
			};
			name = Release;
		};
		4ADA90C427554E560069885A /* Debug */ = {
			isa = XCBuildConfiguration;
			baseConfigurationReference = 33C2B9DC52F71A27DD41350C /* Pods-GithubSearchApp.debug.xcconfig */;
			buildSettings = {
				ASSETCATALOG_COMPILER_APPICON_NAME = AppIcon;
				ASSETCATALOG_COMPILER_GLOBAL_ACCENT_COLOR_NAME = AccentColor;
				CODE_SIGN_STYLE = Automatic;
				CURRENT_PROJECT_VERSION = 1;
				DEVELOPMENT_TEAM = MZ734Q5998;
				GENERATE_INFOPLIST_FILE = YES;
				INFOPLIST_FILE = GithubSearchApp/Info.plist;
				INFOPLIST_KEY_UIApplicationSupportsIndirectInputEvents = YES;
				INFOPLIST_KEY_UILaunchStoryboardName = LaunchScreen;
				INFOPLIST_KEY_UIMainStoryboardFile = Main;
				INFOPLIST_KEY_UISupportedInterfaceOrientations_iPad = "UIInterfaceOrientationPortrait UIInterfaceOrientationPortraitUpsideDown UIInterfaceOrientationLandscapeLeft UIInterfaceOrientationLandscapeRight";
				INFOPLIST_KEY_UISupportedInterfaceOrientations_iPhone = "UIInterfaceOrientationPortrait UIInterfaceOrientationLandscapeLeft UIInterfaceOrientationLandscapeRight";
				LD_RUNPATH_SEARCH_PATHS = (
					"$(inherited)",
					"@executable_path/Frameworks",
				);
				MARKETING_VERSION = 1.0;
				PRODUCT_BUNDLE_IDENTIFIER = com.onuralpyahnici.GithubSearchApp;
				PRODUCT_NAME = "$(TARGET_NAME)";
				SWIFT_EMIT_LOC_STRINGS = YES;
				SWIFT_VERSION = 5.0;
				TARGETED_DEVICE_FAMILY = "1,2";
			};
			name = Debug;
		};
		4ADA90C527554E560069885A /* Release */ = {
			isa = XCBuildConfiguration;
			baseConfigurationReference = A09A95BEEA0F1ACB10ABCF3E /* Pods-GithubSearchApp.release.xcconfig */;
			buildSettings = {
				ASSETCATALOG_COMPILER_APPICON_NAME = AppIcon;
				ASSETCATALOG_COMPILER_GLOBAL_ACCENT_COLOR_NAME = AccentColor;
				CODE_SIGN_STYLE = Automatic;
				CURRENT_PROJECT_VERSION = 1;
				DEVELOPMENT_TEAM = MZ734Q5998;
				GENERATE_INFOPLIST_FILE = YES;
				INFOPLIST_FILE = GithubSearchApp/Info.plist;
				INFOPLIST_KEY_UIApplicationSupportsIndirectInputEvents = YES;
				INFOPLIST_KEY_UILaunchStoryboardName = LaunchScreen;
				INFOPLIST_KEY_UIMainStoryboardFile = Main;
				INFOPLIST_KEY_UISupportedInterfaceOrientations_iPad = "UIInterfaceOrientationPortrait UIInterfaceOrientationPortraitUpsideDown UIInterfaceOrientationLandscapeLeft UIInterfaceOrientationLandscapeRight";
				INFOPLIST_KEY_UISupportedInterfaceOrientations_iPhone = "UIInterfaceOrientationPortrait UIInterfaceOrientationLandscapeLeft UIInterfaceOrientationLandscapeRight";
				LD_RUNPATH_SEARCH_PATHS = (
					"$(inherited)",
					"@executable_path/Frameworks",
				);
				MARKETING_VERSION = 1.0;
				PRODUCT_BUNDLE_IDENTIFIER = com.onuralpyahnici.GithubSearchApp;
				PRODUCT_NAME = "$(TARGET_NAME)";
				SWIFT_EMIT_LOC_STRINGS = YES;
				SWIFT_VERSION = 5.0;
				TARGETED_DEVICE_FAMILY = "1,2";
			};
			name = Release;
		};
/* End XCBuildConfiguration section */

/* Begin XCConfigurationList section */
		4ADA90AA27554E550069885A /* Build configuration list for PBXProject "GithubSearchApp" */ = {
			isa = XCConfigurationList;
			buildConfigurations = (
				4ADA90C127554E560069885A /* Debug */,
				4ADA90C227554E560069885A /* Release */,
			);
			defaultConfigurationIsVisible = 0;
			defaultConfigurationName = Release;
		};
		4ADA90C327554E560069885A /* Build configuration list for PBXNativeTarget "GithubSearchApp" */ = {
			isa = XCConfigurationList;
			buildConfigurations = (
				4ADA90C427554E560069885A /* Debug */,
				4ADA90C527554E560069885A /* Release */,
			);
			defaultConfigurationIsVisible = 0;
			defaultConfigurationName = Release;
		};
/* End XCConfigurationList section */
	};
	rootObject = 4ADA90A727554E550069885A /* Project object */;
}
